
Microsoft Visual Studio Solution File, Format Version 12.00
# Visual Studio Version 16
VisualStudioVersion = 16.0.29509.3
MinimumVisualStudioVersion = 10.0.40219.1
Project("{FAE04EC0-301F-11D3-BF4B-00C04F79EFBC}") = "WebApiTemplateNetCore", "WebApiVSIX\WebApiTemplateNetCore.csproj", "{B42C7E65-40B5-470E-B358-3B7D824A82D7}"
EndProject
Global
	GlobalSection(SolutionConfigurationPlatforms) = preSolution
		Debug|Any CPU = Debug|Any CPU
		Release|Any CPU = Release|Any CPU
	EndGlobalSection
	GlobalSection(ProjectConfigurationPlatforms) = postSolution
		{B42C7E65-40B5-470E-B358-3B7D824A82D7}.Debug|Any CPU.ActiveCfg = Debug|Any CPU
		{B42C7E65-40B5-470E-B358-3B7D824A82D7}.Debug|Any CPU.Build.0 = Debug|Any CPU
		{B42C7E65-40B5-470E-B358-3B7D824A82D7}.Release|Any CPU.ActiveCfg = Release|Any CPU
		{B42C7E65-40B5-470E-B358-3B7D824A82D7}.Release|Any CPU.Build.0 = Release|Any CPU
	EndGlobalSection
	GlobalSection(SolutionProperties) = preSolution
		HideSolutionNode = FALSE
	EndGlobalSection
	GlobalSection(ExtensibilityGlobals) = postSolution
		SolutionGuid = {780E6547-A361-4590-9513-6EBB07D56366}
	EndGlobalSection
EndGlobal
